
Microsoft Visual Studio Solution File, Format Version 12.00
Project("{FAE04EC0-301F-11D3-BF4B-00C04F79EFBC}") = "Video2Strm", "Video2Strm\Video2Strm.csproj", "{C9C4C08F-C5D8-447D-BC56-B69D6545348F}"
EndProject
Project("{FAE04EC0-301F-11D3-BF4B-00C04F79EFBC}") = "BatchModify", "BatchModify\BatchModify.csproj", "{41478F41-E51A-4E51-8C4A-DABB79EA8453}"
EndProject
Global
	GlobalSection(SolutionConfigurationPlatforms) = preSolution
		Debug|Any CPU = Debug|Any CPU
		Release|Any CPU = Release|Any CPU
	EndGlobalSection
	GlobalSection(ProjectConfigurationPlatforms) = postSolution
		{C9C4C08F-C5D8-447D-BC56-B69D6545348F}.Debug|Any CPU.ActiveCfg = Debug|Any CPU
		{C9C4C08F-C5D8-447D-BC56-B69D6545348F}.Debug|Any CPU.Build.0 = Debug|Any CPU
		{C9C4C08F-C5D8-447D-BC56-B69D6545348F}.Release|Any CPU.ActiveCfg = Release|Any CPU
		{C9C4C08F-C5D8-447D-BC56-B69D6545348F}.Release|Any CPU.Build.0 = Release|Any CPU
		{41478F41-E51A-4E51-8C4A-DABB79EA8453}.Debug|Any CPU.ActiveCfg = Debug|Any CPU
		{41478F41-E51A-4E51-8C4A-DABB79EA8453}.Debug|Any CPU.Build.0 = Debug|Any CPU
		{41478F41-E51A-4E51-8C4A-DABB79EA8453}.Release|Any CPU.ActiveCfg = Release|Any CPU
		{41478F41-E51A-4E51-8C4A-DABB79EA8453}.Release|Any CPU.Build.0 = Release|Any CPU
	EndGlobalSection
EndGlobal
